
Microsoft Visual Studio Solution File, Format Version 12.00
# Visual Studio Version 16
VisualStudioVersion = 16.0.29418.71
MinimumVisualStudioVersion = 10.0.40219.1
Project("{8BC9CEB8-8B4A-11D0-8D11-00A0C91BC942}") = "Matrix", "Matrix\Matrix.vcxproj", "{1F3743C2-1289-47A3-AC19-9E2807D9FE60}"
EndProject
Global
	GlobalSection(SolutionConfigurationPlatforms) = preSolution
		Debug|x64 = Debug|x64
		Debug|x86 = Debug|x86
		Release|x64 = Release|x64
		Release|x86 = Release|x86
	EndGlobalSection
	GlobalSection(ProjectConfigurationPlatforms) = postSolution
		{1F3743C2-1289-47A3-AC19-9E2807D9FE60}.Debug|x64.ActiveCfg = Debug|x64
		{1F3743C2-1289-47A3-AC19-9E2807D9FE60}.Debug|x64.Build.0 = Debug|x64
		{1F3743C2-1289-47A3-AC19-9E2807D9FE60}.Debug|x86.ActiveCfg = Debug|Win32
		{1F3743C2-1289-47A3-AC19-9E2807D9FE60}.Debug|x86.Build.0 = Debug|Win32
		{1F3743C2-1289-47A3-AC19-9E2807D9FE60}.Release|x64.ActiveCfg = Release|x64
		{1F3743C2-1289-47A3-AC19-9E2807D9FE60}.Release|x64.Build.0 = Release|x64
		{1F3743C2-1289-47A3-AC19-9E2807D9FE60}.Release|x86.ActiveCfg = Release|Win32
		{1F3743C2-1289-47A3-AC19-9E2807D9FE60}.Release|x86.Build.0 = Release|Win32
	EndGlobalSection
	GlobalSection(SolutionProperties) = preSolution
		HideSolutionNode = FALSE
	EndGlobalSection
	GlobalSection(ExtensibilityGlobals) = postSolution
		SolutionGuid = {795FC6A1-801D-42E7-8C0B-C25DB3D03128}
	EndGlobalSection
EndGlobal
